
Microsoft Visual Studio Solution File, Format Version 12.00
# Visual Studio Version 17
VisualStudioVersion = 17.13.35931.197 d17.13
MinimumVisualStudioVersion = 10.0.40219.1
Project("{FAE04EC0-301F-11D3-BF4B-00C04F79EFBC}") = "az-webapp-vs-ci-cd", "az-webapp-vs-ci-cd\az-webapp-vs-ci-cd.csproj", "{13B50436-AE32-4839-861D-DBCAB4448438}"
EndProject
Global
	GlobalSection(SolutionConfigurationPlatforms) = preSolution
		Debug|Any CPU = Debug|Any CPU
		Release|Any CPU = Release|Any CPU
	EndGlobalSection
	GlobalSection(ProjectConfigurationPlatforms) = postSolution
		{13B50436-AE32-4839-861D-DBCAB4448438}.Debug|Any CPU.ActiveCfg = Debug|Any CPU
		{13B50436-AE32-4839-861D-DBCAB4448438}.Debug|Any CPU.Build.0 = Debug|Any CPU
		{13B50436-AE32-4839-861D-DBCAB4448438}.Release|Any CPU.ActiveCfg = Release|Any CPU
		{13B50436-AE32-4839-861D-DBCAB4448438}.Release|Any CPU.Build.0 = Release|Any CPU
	EndGlobalSection
	GlobalSection(SolutionProperties) = preSolution
		HideSolutionNode = FALSE
	EndGlobalSection
	GlobalSection(ExtensibilityGlobals) = postSolution
		SolutionGuid = {D6254EB7-A3A5-4A4D-B3BF-D907408C7150}
	EndGlobalSection
EndGlobal
